{
  "name": "ajs-package",
  "version": "1.0.1",
  "lockfileVersion": 3,
  "requires": true,
  "packages": {
    "": {
      "name": "ajs-package",
      "version": "1.0.1",
      "license": "ISC",
      "dependencies": {
        "@zavyalovandrei/ajs": "^1.0.1"
      }
    },
    "node_modules/@zavyalovandrei/ajs": {
      "version": "1.0.1",
      "resolved": "https://npm.pkg.github.com/download/@zavyalovandrei/ajs/1.0.1/bf7ade932462f7659a3ec61257abce0ea0332e88",
      "integrity": "sha512-di8quQekEN0RYhGJDpJf/acwCIILhXirEYuR53OFfaP9rn1/tgDaGpStwZdS23EThLtXEWDDbwGxDXFnt+vA5A==",
      "license": "ISC"
    }
  }
}
